dependencies:
  espressif/w5500:
    component_hash: 0bfa69f4ebd57ec8554ee28f31f777f06df549dcb69f48121845402d447d077a
    dependencies:
    - name: idf
      require: private
      version: '>=6.0'
    source:
      registry_url: https://components.espressif.com/
      type: service
    version: 1.0.0
  idf:
    source:
      type: idf
    version: 6.0.0
direct_dependencies:
- espressif/w5500
- idf
manifest_hash: 4e78d1d6cafe57104193c23d609427e24ba1d8c4574ce38d5e7d535c321c76c2
target: esp32s3
version: 2.0.0
